// !$*UTF8*$!
{
	archiveVersion = 1;
	classes = {
	};
	objectVersion = 46;
	objects = {

/* Begin PBXBuildFile section */
		79E0E9DD1CE2454A00FB48A1 /* AppDelegate.swift in Sources */ = {isa = PBXBuildFile; fileRef = 79E0E9DC1CE2454A00FB48A1 /* AppDelegate.swift */; };
		79E0E9E21CE2454A00FB48A1 /* Main.storyboard in Resources */ = {isa = PBXBuildFile; fileRef = 79E0E9E01CE2454A00FB48A1 /* Main.storyboard */; };
		79E0E9E41CE2454A00FB48A1 /* Assets.xcassets in Resources */ = {isa = PBXBuildFile; fileRef = 79E0E9E31CE2454A00FB48A1 /* Assets.xcassets */; };
		79E0E9E71CE2454A00FB48A1 /* LaunchScreen.storyboard in Resources */ = {isa = PBXBuildFile; fileRef = 79E0E9E51CE2454A00FB48A1 /* LaunchScreen.storyboard */; };
		79E0E9F21CE2454A00FB48A1 /* PhotoLogTests.swift in Sources */ = {isa = PBXBuildFile; fileRef = 79E0E9F11CE2454A00FB48A1 /* PhotoLogTests.swift */; };
		79E0E9FD1CE2458900FB48A1 /* PhotosViewController.swift in Sources */ = {isa = PBXBuildFile; fileRef = 79E0E9FC1CE2458900FB48A1 /* PhotosViewController.swift */; };
		79E0E9FF1CE245DE00FB48A1 /* Photo.swift in Sources */ = {isa = PBXBuildFile; fileRef = 79E0E9FE1CE245DE00FB48A1 /* Photo.swift */; };
		79E0EA011CE2647800FB48A1 /* SubmissionViewController.swift in Sources */ = {isa = PBXBuildFile; fileRef = 79E0EA001CE2647800FB48A1 /* SubmissionViewController.swift */; };
		79E0EA031CE26F2300FB48A1 /* CoreLocation.framework in Frameworks */ = {isa = PBXBuildFile; fileRef = 79E0EA021CE26F2300FB48A1 /* CoreLocation.framework */; };
		79E0EA051CE275AF00FB48A1 /* MapKit.framework in Frameworks */ = {isa = PBXBuildFile; fileRef = 79E0EA041CE275AF00FB48A1 /* MapKit.framework */; };
/* End PBXBuildFile section */

/* Begin PBXContainerItemProxy section */
		79E0E9EE1CE2454A00FB48A1 /* PBXContainerItemProxy */ = {
			isa = PBXContainerItemProxy;
			containerPortal = 79E0E9D11CE2454900FB48A1 /* Project object */;
			proxyType = 1;
			remoteGlobalIDString = 79E0E9D81CE2454900FB48A1;
			remoteInfo = PhotoLog;
		};
/* End PBXContainerItemProxy section */

/* Begin PBXFileReference section */
		79E0E9D91CE2454900FB48A1 /* PhotoLog.app */ = {isa = PBXFileReference; explicitFileType = wrapper.application; includeInIndex = 0; path = PhotoLog.app; sourceTree = BUILT_PRODUCTS_DIR; };
		79E0E9DC1CE2454A00FB48A1 /* AppDelegate.swift */ = {isa = PBXFileReference; lastKnownFileType = sourcecode.swift; path = AppDelegate.swift; sourceTree = "<group>"; };
		79E0E9E11CE2454A00FB48A1 /* Base */ = {isa = PBXFileReference; lastKnownFileType = file.storyboard; name = Base; path = Base.lproj/Main.storyboard; sourceTree = "<group>"; };
		79E0E9E31CE2454A00FB48A1 /* Assets.xcassets */ = {isa = PBXFileReference; lastKnownFileType = folder.assetcatalog; path = Assets.xcassets; sourceTree = "<group>"; };
		79E0E9E61CE2454A00FB48A1 /* Base */ = {isa = PBXFileReference; lastKnownFileType = file.storyboard; name = Base; path = Base.lproj/LaunchScreen.storyboard; sourceTree = "<group>"; };
		79E0E9E81CE2454A00FB48A1 /* Info.plist */ = {isa = PBXFileReference; lastKnownFileType = text.plist.xml; path = Info.plist; sourceTree = "<group>"; };
		79E0E9ED1CE2454A00FB48A1 /* PhotoLogTests.xctest */ = {isa = PBXFileReference; explicitFileType = wrapper.cfbundle; includeInIndex = 0; path = PhotoLogTests.xctest; sourceTree = BUILT_PRODUCTS_DIR; };
		79E0E9F11CE2454A00FB48A1 /* PhotoLogTests.swift */ = {isa = PBXFileReference; lastKnownFileType = sourcecode.swift; path = PhotoLogTests.swift; sourceTree = "<group>"; };
		79E0E9F31CE2454A00FB48A1 /* Info.plist */ = {isa = PBXFileReference; lastKnownFileType = text.plist.xml; path = Info.plist; sourceTree = "<group>"; };
		79E0E9FC1CE2458900FB48A1 /* PhotosViewController.swift */ = {isa = PBXFileReference; fileEncoding = 4; lastKnownFileType = sourcecode.swift; name = PhotosViewController.swift; path = ../PhotosViewController.swift; sourceTree = "<group>"; };
		79E0E9FE1CE245DE00FB48A1 /* Photo.swift */ = {isa = PBXFileReference; fileEncoding = 4; lastKnownFileType = sourcecode.swift; path = Photo.swift; sourceTree = "<group>"; };
		79E0EA001CE2647800FB48A1 /* SubmissionViewController.swift */ = {isa = PBXFileReference; fileEncoding = 4; lastKnownFileType = sourcecode.swift; path = SubmissionViewController.swift; sourceTree = "<group>"; };
		79E0EA021CE26F2300FB48A1 /* CoreLocation.framework */ = {isa = PBXFileReference; lastKnownFileType = wrapper.framework; name = CoreLocation.framework; path = System/Library/Frameworks/CoreLocation.framework; sourceTree = SDKROOT; };
		79E0EA041CE275AF00FB48A1 /* MapKit.framework */ = {isa = PBXFileReference; lastKnownFileType = wrapper.framework; name = MapKit.framework; path = System/Library/Frameworks/MapKit.framework; sourceTree = SDKROOT; };
/* End PBXFileReference section */

/* Begin PBXFrameworksBuildPhase section */
		79E0E9D61CE2454900FB48A1 /* Frameworks */ = {
			isa = PBXFrameworksBuildPhase;
			buildActionMask = 2147483647;
			files = (
				79E0EA051CE275AF00FB48A1 /* MapKit.framework in Frameworks */,
				79E0EA031CE26F2300FB48A1 /* CoreLocation.framework in Frameworks */,
			);
			runOnlyForDeploymentPostprocessing = 0;
		};
		79E0E9EA1CE2454A00FB48A1 /* Frameworks */ = {
			isa = PBXFrameworksBuildPhase;
			buildActionMask = 2147483647;
			files = (
			);
			runOnlyForDeploymentPostprocessing = 0;
		};
/* End PBXFrameworksBuildPhase section */

/* Begin PBXGroup section */
		79E0E9D01CE2454900FB48A1 = {
			isa = PBXGroup;
			children = (
				79E0EA041CE275AF00FB48A1 /* MapKit.framework */,
				79E0EA021CE26F2300FB48A1 /* CoreLocation.framework */,
				79E0E9DB1CE2454A00FB48A1 /* PhotoLog */,
				79E0E9F01CE2454A00FB48A1 /* PhotoLogTests */,
				79E0E9DA1CE2454900FB48A1 /* Products */,
			);
			sourceTree = "<group>";
		};
		79E0E9DA1CE2454900FB48A1 /* Products */ = {
			isa = PBXGroup;
			children = (
				79E0E9D91CE2454900FB48A1 /* PhotoLog.app */,
				79E0E9ED1CE2454A00FB48A1 /* PhotoLogTests.xctest */,
			);
			name = Products;
			sourceTree = "<group>";
		};
		79E0E9DB1CE2454A00FB48A1 /* PhotoLog */ = {
			isa = PBXGroup;
			children = (
				79E0E9FC1CE2458900FB48A1 /* PhotosViewController.swift */,
				79E0EA001CE2647800FB48A1 /* SubmissionViewController.swift */,
				79E0E9DC1CE2454A00FB48A1 /* AppDelegate.swift */,
				79E0E9FE1CE245DE00FB48A1 /* Photo.swift */,
				79E0E9E01CE2454A00FB48A1 /* Main.storyboard */,
				79E0E9E31CE2454A00FB48A1 /* Assets.xcassets */,
				79E0E9E51CE2454A00FB48A1 /* LaunchScreen.storyboard */,
				79E0E9E81CE2454A00FB48A1 /* Info.plist */,
			);
			path = PhotoLog;
			sourceTree = "<group>";
		};
		79E0E9F01CE2454A00FB48A1 /* PhotoLogTests */ = {
			isa = PBXGroup;
			children = (
				79E0E9F11CE2454A00FB48A1 /* PhotoLogTests.swift */,
				79E0E9F31CE2454A00FB48A1 /* Info.plist */,
			);
			path = PhotoLogTests;
			sourceTree = "<group>";
		};
/* End PBXGroup section */

/* Begin PBXNativeTarget section */
		79E0E9D81CE2454900FB48A1 /* PhotoLog */ = {
			isa = PBXNativeTarget;
			buildConfigurationList = 79E0E9F61CE2454A00FB48A1 /* Build configuration list for PBXNativeTarget "PhotoLog" */;
			buildPhases = (
				79E0E9D51CE2454900FB48A1 /* Sources */,
				79E0E9D61CE2454900FB48A1 /* Frameworks */,
				79E0E9D71CE2454900FB48A1 /* Resources */,
			);
			buildRules = (
			);
			dependencies = (
			);
			name = PhotoLog;
			productName = PhotoLog;
			productReference = 79E0E9D91CE2454900FB48A1 /* PhotoLog.app */;
			productType = "com.apple.product-type.application";
		};
		79E0E9EC1CE2454A00FB48A1 /* PhotoLogTests */ = {
			isa = PBXNativeTarget;
			buildConfigurationList = 79E0E9F91CE2454A00FB48A1 /* Build configuration list for PBXNativeTarget "PhotoLogTests" */;
			buildPhases = (
				79E0E9E91CE2454A00FB48A1 /* Sources */,
				79E0E9EA1CE2454A00FB48A1 /* Frameworks */,
				79E0E9EB1CE2454A00FB48A1 /* Resources */,
			);
			buildRules = (
			);
			dependencies = (
				79E0E9EF1CE2454A00FB48A1 /* PBXTargetDependency */,
			);
			name = PhotoLogTests;
			productName = PhotoLogTests;
			productReference = 79E0E9ED1CE2454A00FB48A1 /* PhotoLogTests.xctest */;
			productType = "com.apple.product-type.bundle.unit-test";
		};
/* End PBXNativeTarget section */

/* Begin PBXProject section */
		79E0E9D11CE2454900FB48A1 /* Project object */ = {
			isa = PBXProject;
			attributes = {
				LastSwiftUpdateCheck = 0730;
				LastUpgradeCheck = 0730;
				ORGANIZATIONNAME = "richard martin";
				TargetAttributes = {
					79E0E9D81CE2454900FB48A1 = {
						CreatedOnToolsVersion = 7.3;
						DevelopmentTeam = Q4N89QR649;
					};
					79E0E9EC1CE2454A00FB48A1 = {
						CreatedOnToolsVersion = 7.3;
						TestTargetID = 79E0E9D81CE2454900FB48A1;
					};
				};
			};
			buildConfigurationList = 79E0E9D41CE2454900FB48A1 /* Build configuration list for PBXProject "PhotoLog" */;
			compatibilityVersion = "Xcode 3.2";
			developmentRegion = English;
			hasScannedForEncodings = 0;
			knownRegions = (
				en,
				Base,
			);
			mainGroup = 79E0E9D01CE2454900FB48A1;
			productRefGroup = 79E0E9DA1CE2454900FB48A1 /* Products */;
			projectDirPath = "";
			projectRoot = "";
			targets = (
				79E0E9D81CE2454900FB48A1 /* PhotoLog */,
				79E0E9EC1CE2454A00FB48A1 /* PhotoLogTests */,
			);
		};
/* End PBXProject section */

/* Begin PBXResourcesBuildPhase section */
		79E0E9D71CE2454900FB48A1 /* Resources */ = {
			isa = PBXResourcesBuildPhase;
			buildActionMask = 2147483647;
			files = (
				79E0E9E71CE2454A00FB48A1 /* LaunchScreen.storyboard in Resources */,
				79E0E9E41CE2454A00FB48A1 /* Assets.xcassets in Resources */,
				79E0E9E21CE2454A00FB48A1 /* Main.storyboard in Resources */,
			);
			runOnlyForDeploymentPostprocessing = 0;
		};
		79E0E9EB1CE2454A00FB48A1 /* Resources */ = {
			isa = PBXResourcesBuildPhase;
			buildActionMask = 2147483647;
			files = (
			);
			runOnlyForDeploymentPostprocessing = 0;
		};
/* End PBXResourcesBuildPhase section */

/* Begin PBXSourcesBuildPhase section */
		79E0E9D51CE2454900FB48A1 /* Sources */ = {
			isa = PBXSourcesBuildPhase;
			buildActionMask = 2147483647;
			files = (
				79E0EA011CE2647800FB48A1 /* SubmissionViewController.swift in Sources */,
				79E0E9FF1CE245DE00FB48A1 /* Photo.swift in Sources */,
				79E0E9DD1CE2454A00FB48A1 /* AppDelegate.swift in Sources */,
				79E0E9FD1CE2458900FB48A1 /* PhotosViewController.swift in Sources */,
			);
			runOnlyForDeploymentPostprocessing = 0;
		};
		79E0E9E91CE2454A00FB48A1 /* Sources */ = {
			isa = PBXSourcesBuildPhase;
			buildActionMask = 2147483647;
			files = (
				79E0E9F21CE2454A00FB48A1 /* PhotoLogTests.swift in Sources */,
			);
			runOnlyForDeploymentPostprocessing = 0;
		};
/* End PBXSourcesBuildPhase section */

/* Begin PBXTargetDependency section */
		79E0E9EF1CE2454A00FB48A1 /* PBXTargetDependency */ = {
			isa = PBXTargetDependency;
			target = 79E0E9D81CE2454900FB48A1 /* PhotoLog */;
			targetProxy = 79E0E9EE1CE2454A00FB48A1 /* PBXContainerItemProxy */;
		};
/* End PBXTargetDependency section */

/* Begin PBXVariantGroup section */
		79E0E9E01CE2454A00FB48A1 /* Main.storyboard */ = {
			isa = PBXVariantGroup;
			children = (
				79E0E9E11CE2454A00FB48A1 /* Base */,
			);
			name = Main.storyboard;
			sourceTree = "<group>";
		};
		79E0E9E51CE2454A00FB48A1 /* LaunchScreen.storyboard */ = {
			isa = PBXVariantGroup;
			children = (
				79E0E9E61CE2454A00FB48A1 /* Base */,
			);
			name = LaunchScreen.storyboard;
			sourceTree = "<group>";
		};
/* End PBXVariantGroup section */

/* Begin XCBuildConfiguration section */
		79E0E9F41CE2454A00FB48A1 /* Debug */ = {
			isa = XCBuildConfiguration;
			buildSettings = {
				ALWAYS_SEARCH_USER_PATHS = NO;
				CLANG_ANALYZER_NONNULL = YES;
				CLANG_CXX_LANGUAGE_STANDARD = "gnu++0x";
				CLANG_CXX_LIBRARY = "libc++";
				CLANG_ENABLE_MODULES = YES;
				CLANG_ENABLE_OBJC_ARC = YES;
				CLANG_WARN_BOOL_CONVERSION = YES;
				CLANG_WARN_CONSTANT_CONVERSION = YES;
				CLANG_WARN_DIRECT_OBJC_ISA_USAGE = YES_ERROR;
				CLANG_WARN_EMPTY_BODY = YES;
				CLANG_WARN_ENUM_CONVERSION = YES;
				CLANG_WARN_INT_CONVERSION = YES;
				CLANG_WARN_OBJC_ROOT_CLASS = YES_ERROR;
				CLANG_WARN_UNREACHABLE_CODE = YES;
				CLANG_WARN__DUPLICATE_METHOD_MATCH = YES;
				"CODE_SIGN_IDENTITY[sdk=iphoneos*]" = "iPhone Developer";
				COPY_PHASE_STRIP = NO;
				DEBUG_INFORMATION_FORMAT = dwarf;
				ENABLE_STRICT_OBJC_MSGSEND = YES;
				ENABLE_TESTABILITY = YES;
				GCC_C_LANGUAGE_STANDARD = gnu99;
				GCC_DYNAMIC_NO_PIC = NO;
				GCC_NO_COMMON_BLOCKS = YES;
				GCC_OPTIMIZATION_LEVEL = 0;
				GCC_PREPROCESSOR_DEFINITIONS = (
					"DEBUG=1",
					"$(inherited)",
				);
				GCC_WARN_64_TO_32_BIT_CONVERSION = YES;
				GCC_WARN_ABOUT_RETURN_TYPE = YES_ERROR;
				GCC_WARN_UNDECLARED_SELECTOR = YES;
				GCC_WARN_UNINITIALIZED_AUTOS = YES_AGGRESSIVE;
				GCC_WARN_UNUSED_FUNCTION = YES;
				GCC_WARN_UNUSED_VARIABLE = YES;
				IPHONEOS_DEPLOYMENT_TARGET = 9.3;
				MTL_ENABLE_DEBUG_INFO = YES;
				ONLY_ACTIVE_ARCH = YES;
				SDKROOT = iphoneos;
				SWIFT_OPTIMIZATION_LEVEL = "-Onone";
			};
			name = Debug;
		};
		79E0E9F51CE2454A00FB48A1 /* Release */ = {
			isa = XCBuildConfiguration;
			buildSettings = {
				ALWAYS_SEARCH_USER_PATHS = NO;
				CLANG_ANALYZER_NONNULL = YES;
				CLANG_CXX_LANGUAGE_STANDARD = "gnu++0x";
				CLANG_CXX_LIBRARY = "libc++";
				CLANG_ENABLE_MODULES = YES;
				CLANG_ENABLE_OBJC_ARC = YES;
				CLANG_WARN_BOOL_CONVERSION = YES;
				CLANG_WARN_CONSTANT_CONVERSION = YES;
				CLANG_WARN_DIRECT_OBJC_ISA_USAGE = YES_ERROR;
				CLANG_WARN_EMPTY_BODY = YES;
				CLANG_WARN_ENUM_CONVERSION = YES;
				CLANG_WARN_INT_CONVERSION = YES;
				CLANG_WARN_OBJC_ROOT_CLASS = YES_ERROR;
				CLANG_WARN_UNREACHABLE_CODE = YES;
				CLANG_WARN__DUPLICATE_METHOD_MATCH = YES;
				"CODE_SIGN_IDENTITY[sdk=iphoneos*]" = "iPhone Developer";
				COPY_PHASE_STRIP = NO;
				DEBUG_INFORMATION_FORMAT = "dwarf-with-dsym";
				ENABLE_NS_ASSERTIONS = NO;
				ENABLE_STRICT_OBJC_MSGSEND = YES;
				GCC_C_LANGUAGE_STANDARD = gnu99;
				GCC_NO_COMMON_BLOCKS = YES;
				GCC_WARN_64_TO_32_BIT_CONVERSION = YES;
				GCC_WARN_ABOUT_RETURN_TYPE = YES_ERROR;
				GCC_WARN_UNDECLARED_SELECTOR = YES;
				GCC_WARN_UNINITIALIZED_AUTOS = YES_AGGRESSIVE;
				GCC_WARN_UNUSED_FUNCTION = YES;
				GCC_WARN_UNUSED_VARIABLE = YES;
				IPHONEOS_DEPLOYMENT_TARGET = 9.3;
				MTL_ENABLE_DEBUG_INFO = NO;
				SDKROOT = iphoneos;
				VALIDATE_PRODUCT = YES;
			};
			name = Release;
		};
		79E0E9F71CE2454A00FB48A1 /* Debug */ = {
			isa = XCBuildConfiguration;
			buildSettings = {
				ASSETCATALOG_COMPILER_APPICON_NAME = AppIcon;
				CODE_SIGN_IDENTITY = "iPhone Developer";
				"CODE_SIGN_IDENTITY[sdk=iphoneos*]" = "iPhone Developer";
				INFOPLIST_FILE = PhotoLog/Info.plist;
				LD_RUNPATH_SEARCH_PATHS = "$(inherited) @executable_path/Frameworks";
				PRODUCT_BUNDLE_IDENTIFIER = me.richardgmartin.PhotoLog;
				PRODUCT_NAME = "$(TARGET_NAME)";
				PROVISIONING_PROFILE = "";
			};
			name = Debug;
		};
		79E0E9F81CE2454A00FB48A1 /* Release */ = {
			isa = XCBuildConfiguration;
			buildSettings = {
				ASSETCATALOG_COMPILER_APPICON_NAME = AppIcon;
				CODE_SIGN_IDENTITY = "iPhone Developer";
				"CODE_SIGN_IDENTITY[sdk=iphoneos*]" = "iPhone Developer";
				INFOPLIST_FILE = PhotoLog/Info.plist;
				LD_RUNPATH_SEARCH_PATHS = "$(inherited) @executable_path/Frameworks";
				PRODUCT_BUNDLE_IDENTIFIER = me.richardgmartin.PhotoLog;
				PRODUCT_NAME = "$(TARGET_NAME)";
				PROVISIONING_PROFILE = "";
			};
			name = Release;
		};
		79E0E9FA1CE2454A00FB48A1 /* Debug */ = {
			isa = XCBuildConfiguration;
			buildSettings = {
				BUNDLE_LOADER = "$(TEST_HOST)";
				INFOPLIST_FILE = PhotoLogTests/Info.plist;
				LD_RUNPATH_SEARCH_PATHS = "$(inherited) @executable_path/Frameworks @loader_path/Frameworks";
				PRODUCT_BUNDLE_IDENTIFIER = me.richardgmartin.PhotoLogTests;
				PRODUCT_NAME = "$(TARGET_NAME)";
				TEST_HOST = "$(BUILT_PRODUCTS_DIR)/PhotoLog.app/PhotoLog";
			};
			name = Debug;
		};
		79E0E9FB1CE2454A00FB48A1 /* Release */ = {
			isa = XCBuildConfiguration;
			buildSettings = {
				BUNDLE_LOADER = "$(TEST_HOST)";
				INFOPLIST_FILE = PhotoLogTests/Info.plist;
				LD_RUNPATH_SEARCH_PATHS = "$(inherited) @executable_path/Frameworks @loader_path/Frameworks";
				PRODUCT_BUNDLE_IDENTIFIER = me.richardgmartin.PhotoLogTests;
				PRODUCT_NAME = "$(TARGET_NAME)";
				TEST_HOST = "$(BUILT_PRODUCTS_DIR)/PhotoLog.app/PhotoLog";
			};
			name = Release;
		};
/* End XCBuildConfiguration section */

/* Begin XCConfigurationList section */
		79E0E9D41CE2454900FB48A1 /* Build configuration list for PBXProject "PhotoLog" */ = {
			isa = XCConfigurationList;
			buildConfigurations = (
				79E0E9F41CE2454A00FB48A1 /* Debug */,
				79E0E9F51CE2454A00FB48A1 /* Release */,
			);
			defaultConfigurationIsVisible = 0;
			defaultConfigurationName = Release;
		};
		79E0E9F61CE2454A00FB48A1 /* Build configuration list for PBXNativeTarget "PhotoLog" */ = {
			isa = XCConfigurationList;
			buildConfigurations = (
				79E0E9F71CE2454A00FB48A1 /* Debug */,
				79E0E9F81CE2454A00FB48A1 /* Release */,
			);
			defaultConfigurationIsVisible = 0;
		};
		79E0E9F91CE2454A00FB48A1 /* Build configuration list for PBXNativeTarget "PhotoLogTests" */ = {
			isa = XCConfigurationList;
			buildConfigurations = (
				79E0E9FA1CE2454A00FB48A1 /* Debug */,
				79E0E9FB1CE2454A00FB48A1 /* Release */,
			);
			defaultConfigurationIsVisible = 0;
		};
/* End XCConfigurationList section */
	};
	rootObject = 79E0E9D11CE2454900FB48A1 /* Project object */;
}
